// !$*UTF8*$!
{
	archiveVersion = 1;
	classes = {
	};
	objectVersion = 46;
	objects = {

/* Begin PBXBuildFile section */
		D99EDD031A7AC7C8006B5235 /* main.cpp in Sources */ = {isa = PBXBuildFile; fileRef = D99EDD021A7AC7C8006B5235 /* main.cpp */; };
		D9C9D9D01C28AF0B0070D507 /* EnumBitMask.cpp in Sources */ = {isa = PBXBuildFile; fileRef = D9C9D9CE1C28AF0B0070D507 /* EnumBitMask.cpp */; };
/* End PBXBuildFile section */

/* Begin PBXCopyFilesBuildPhase section */
		D99EDCFD1A7AC7C8006B5235 /* CopyFiles */ = {
			isa = PBXCopyFilesBuildPhase;
			buildActionMask = 2147483647;
			dstPath = /usr/share/man/man1/;
			dstSubfolderSpec = 0;
			files = (
			);
			runOnlyForDeploymentPostprocessing = 1;
		};
/* End PBXCopyFilesBuildPhase section */

/* Begin PBXFileReference section */
		D99EDCFF1A7AC7C8006B5235 /* EnumBitMask */ = {isa = PBXFileReference; explicitFileType = "compiled.mach-o.executable"; includeInIndex = 0; path = EnumBitMask; sourceTree = BUILT_PRODUCTS_DIR; };
		D99EDD021A7AC7C8006B5235 /* main.cpp */ = {isa = PBXFileReference; lastKnownFileType = sourcecode.cpp.cpp; path = main.cpp; sourceTree = "<group>"; };
		D9C9D9CE1C28AF0B0070D507 /* EnumBitMask.cpp */ = {isa = PBXFileReference; fileEncoding = 4; lastKnownFileType = sourcecode.cpp.cpp; path = EnumBitMask.cpp; sourceTree = "<group>"; };
		D9C9D9CF1C28AF0B0070D507 /* EnumBitMask.hpp */ = {isa = PBXFileReference; fileEncoding = 4; lastKnownFileType = sourcecode.cpp.h; path = EnumBitMask.hpp; sourceTree = "<group>"; };
/* End PBXFileReference section */

/* Begin PBXFrameworksBuildPhase section */
		D99EDCFC1A7AC7C8006B5235 /* Frameworks */ = {
			isa = PBXFrameworksBuildPhase;
			buildActionMask = 2147483647;
			files = (
			);
			runOnlyForDeploymentPostprocessing = 0;
		};
/* End PBXFrameworksBuildPhase section */

/* Begin PBXGroup section */
		D99EDCF61A7AC7C8006B5235 = {
			isa = PBXGroup;
			children = (
				D99EDD011A7AC7C8006B5235 /* EnumBitMask */,
				D99EDD001A7AC7C8006B5235 /* Products */,
			);
			sourceTree = "<group>";
		};
		D99EDD001A7AC7C8006B5235 /* Products */ = {
			isa = PBXGroup;
			children = (
				D99EDCFF1A7AC7C8006B5235 /* EnumBitMask */,
			);
			name = Products;
			sourceTree = "<group>";
		};
		D99EDD011A7AC7C8006B5235 /* EnumBitMask */ = {
			isa = PBXGroup;
			children = (
				D99EDD021A7AC7C8006B5235 /* main.cpp */,
				D9C9D9CE1C28AF0B0070D507 /* EnumBitMask.cpp */,
				D9C9D9CF1C28AF0B0070D507 /* EnumBitMask.hpp */,
			);
			path = EnumBitMask;
			sourceTree = "<group>";
		};
/* End PBXGroup section */

/* Begin PBXNativeTarget section */
		D99EDCFE1A7AC7C8006B5235 /* EnumBitMask */ = {
			isa = PBXNativeTarget;
			buildConfigurationList = D99EDD061A7AC7C8006B5235 /* Build configuration list for PBXNativeTarget "EnumBitMask" */;
			buildPhases = (
				D99EDCFB1A7AC7C8006B5235 /* Sources */,
				D99EDCFC1A7AC7C8006B5235 /* Frameworks */,
				D99EDCFD1A7AC7C8006B5235 /* CopyFiles */,
			);
			buildRules = (
			);
			dependencies = (
			);
			name = EnumBitMask;
			productName = EnumBitMask;
			productReference = D99EDCFF1A7AC7C8006B5235 /* EnumBitMask */;
			productType = "com.apple.product-type.tool";
		};
/* End PBXNativeTarget section */

/* Begin PBXProject section */
		D99EDCF71A7AC7C8006B5235 /* Project object */ = {
			isa = PBXProject;
			attributes = {
				LastUpgradeCheck = 0610;
				ORGANIZATIONNAME = "Razvan Pascalau";
				TargetAttributes = {
					D99EDCFE1A7AC7C8006B5235 = {
						CreatedOnToolsVersion = 6.1.1;
					};
				};
			};
			buildConfigurationList = D99EDCFA1A7AC7C8006B5235 /* Build configuration list for PBXProject "EnumBitMask" */;
			compatibilityVersion = "Xcode 3.2";
			developmentRegion = English;
			hasScannedForEncodings = 0;
			knownRegions = (
				en,
			);
			mainGroup = D99EDCF61A7AC7C8006B5235;
			productRefGroup = D99EDD001A7AC7C8006B5235 /* Products */;
			projectDirPath = "";
			projectRoot = "";
			targets = (
				D99EDCFE1A7AC7C8006B5235 /* EnumBitMask */,
			);
		};
/* End PBXProject section */

/* Begin PBXSourcesBuildPhase section */
		D99EDCFB1A7AC7C8006B5235 /* Sources */ = {
			isa = PBXSourcesBuildPhase;
			buildActionMask = 2147483647;
			files = (
				D9C9D9D01C28AF0B0070D507 /* EnumBitMask.cpp in Sources */,
				D99EDD031A7AC7C8006B5235 /* main.cpp in Sources */,
			);
			runOnlyForDeploymentPostprocessing = 0;
		};
/* End PBXSourcesBuildPhase section */

/* Begin XCBuildConfiguration section */
		D99EDD041A7AC7C8006B5235 /* Debug */ = {
			isa = XCBuildConfiguration;
			buildSettings = {
				ALWAYS_SEARCH_USER_PATHS = NO;
				CLANG_CXX_LANGUAGE_STANDARD = "gnu++0x";
				CLANG_CXX_LIBRARY = "libc++";
				CLANG_ENABLE_MODULES = YES;
				CLANG_ENABLE_OBJC_ARC = YES;
				CLANG_WARN_BOOL_CONVERSION = YES;
				CLANG_WARN_CONSTANT_CONVERSION = YES;
				CLANG_WARN_DIRECT_OBJC_ISA_USAGE = YES_ERROR;
				CLANG_WARN_EMPTY_BODY = YES;
				CLANG_WARN_ENUM_CONVERSION = YES;
				CLANG_WARN_INT_CONVERSION = YES;
				CLANG_WARN_OBJC_ROOT_CLASS = YES_ERROR;
				CLANG_WARN_UNREACHABLE_CODE = YES;
				CLANG_WARN__DUPLICATE_METHOD_MATCH = YES;
				COPY_PHASE_STRIP = NO;
				ENABLE_STRICT_OBJC_MSGSEND = YES;
				GCC_C_LANGUAGE_STANDARD = gnu99;
				GCC_DYNAMIC_NO_PIC = NO;
				GCC_OPTIMIZATION_LEVEL = 0;
				GCC_PREPROCESSOR_DEFINITIONS = (
					"DEBUG=1",
					"$(inherited)",
				);
				GCC_SYMBOLS_PRIVATE_EXTERN = NO;
				GCC_WARN_64_TO_32_BIT_CONVERSION = YES;
				GCC_WARN_ABOUT_RETURN_TYPE = YES_ERROR;
				GCC_WARN_UNDECLARED_SELECTOR = YES;
				GCC_WARN_UNINITIALIZED_AUTOS = YES_AGGRESSIVE;
				GCC_WARN_UNUSED_FUNCTION = YES;
				GCC_WARN_UNUSED_VARIABLE = YES;
				MACOSX_DEPLOYMENT_TARGET = 10.10;
				MTL_ENABLE_DEBUG_INFO = YES;
				ONLY_ACTIVE_ARCH = YES;
				SDKROOT = macosx;
			};
			name = Debug;
		};
		D99EDD051A7AC7C8006B5235 /* Release */ = {
			isa = XCBuildConfiguration;
			buildSettings = {
				ALWAYS_SEARCH_USER_PATHS = NO;
				CLANG_CXX_LANGUAGE_STANDARD = "gnu++0x";
				CLANG_CXX_LIBRARY = "libc++";
				CLANG_ENABLE_MODULES = YES;
				CLANG_ENABLE_OBJC_ARC = YES;
				CLANG_WARN_BOOL_CONVERSION = YES;
				CLANG_WARN_CONSTANT_CONVERSION = YES;
				CLANG_WARN_DIRECT_OBJC_ISA_USAGE = YES_ERROR;
				CLANG_WARN_EMPTY_BODY = YES;
				CLANG_WARN_ENUM_CONVERSION = YES;
				CLANG_WARN_INT_CONVERSION = YES;
				CLANG_WARN_OBJC_ROOT_CLASS = YES_ERROR;
				CLANG_WARN_UNREACHABLE_CODE = YES;
				CLANG_WARN__DUPLICATE_METHOD_MATCH = YES;
				COPY_PHASE_STRIP = YES;
				DEBUG_INFORMATION_FORMAT = "dwarf-with-dsym";
				ENABLE_NS_ASSERTIONS = NO;
				ENABLE_STRICT_OBJC_MSGSEND = YES;
				GCC_C_LANGUAGE_STANDARD = gnu99;
				GCC_WARN_64_TO_32_BIT_CONVERSION = YES;
				GCC_WARN_ABOUT_RETURN_TYPE = YES_ERROR;
				GCC_WARN_UNDECLARED_SELECTOR = YES;
				GCC_WARN_UNINITIALIZED_AUTOS = YES_AGGRESSIVE;
				GCC_WARN_UNUSED_FUNCTION = YES;
				GCC_WARN_UNUSED_VARIABLE = YES;
				MACOSX_DEPLOYMENT_TARGET = 10.10;
				MTL_ENABLE_DEBUG_INFO = NO;
				SDKROOT = macosx;
			};
			name = Release;
		};
		D99EDD071A7AC7C8006B5235 /* Debug */ = {
			isa = XCBuildConfiguration;
			buildSettings = {
				CLANG_CXX_LANGUAGE_STANDARD = "c++14";
				CLANG_WARN_CXX0X_EXTENSIONS = YES;
				CLANG_WARN__EXIT_TIME_DESTRUCTORS = YES;
				GCC_C_LANGUAGE_STANDARD = c11;
				GCC_WARN_HIDDEN_VIRTUAL_FUNCTIONS = YES;
				GCC_WARN_NON_VIRTUAL_DESTRUCTOR = YES;
				GCC_WARN_PEDANTIC = YES;
				PRODUCT_NAME = "$(TARGET_NAME)";
			};
			name = Debug;
		};
		D99EDD081A7AC7C8006B5235 /* Release */ = {
			isa = XCBuildConfiguration;
			buildSettings = {
				CLANG_CXX_LANGUAGE_STANDARD = "c++14";
				CLANG_WARN_CXX0X_EXTENSIONS = YES;
				CLANG_WARN__EXIT_TIME_DESTRUCTORS = YES;
				GCC_C_LANGUAGE_STANDARD = c11;
				GCC_WARN_HIDDEN_VIRTUAL_FUNCTIONS = YES;
				GCC_WARN_NON_VIRTUAL_DESTRUCTOR = YES;
				GCC_WARN_PEDANTIC = YES;
				PRODUCT_NAME = "$(TARGET_NAME)";
			};
			name = Release;
		};
/* End XCBuildConfiguration section */

/* Begin XCConfigurationList section */
		D99EDCFA1A7AC7C8006B5235 /* Build configuration list for PBXProject "EnumBitMask" */ = {
			isa = XCConfigurationList;
			buildConfigurations = (
				D99EDD041A7AC7C8006B5235 /* Debug */,
				D99EDD051A7AC7C8006B5235 /* Release */,
			);
			defaultConfigurationIsVisible = 0;
			defaultConfigurationName = Release;
		};
		D99EDD061A7AC7C8006B5235 /* Build configuration list for PBXNativeTarget "EnumBitMask" */ = {
			isa = XCConfigurationList;
			buildConfigurations = (
				D99EDD071A7AC7C8006B5235 /* Debug */,
				D99EDD081A7AC7C8006B5235 /* Release */,
			);
			defaultConfigurationIsVisible = 0;
			defaultConfigurationName = Release;
		};
/* End XCConfigurationList section */
	};
	rootObject = D99EDCF71A7AC7C8006B5235 /* Project object */;
}
